
Microsoft Visual Studio Solution File, Format Version 12.00
# Visual Studio 2012
Project("{FAE04EC0-301F-11D3-BF4B-00C04F79EFBC}") = "Example_01", "Example_01\Example_01.csproj", "{648EE8AB-4DED-4EBA-8B00-9ECBC754A679}"
EndProject
Project("{FAE04EC0-301F-11D3-BF4B-00C04F79EFBC}") = "ExampleTryIt", "ExampleTryIt\ExampleTryIt.csproj", "{208DF232-5E59-4406-B712-85362E1D59A0}"
EndProject
Global
	GlobalSection(SolutionConfigurationPlatforms) = preSolution
		Debug|Any CPU = Debug|Any CPU
		Release|Any CPU = Release|Any CPU
	EndGlobalSection
	GlobalSection(ProjectConfigurationPlatforms) = postSolution
		{648EE8AB-4DED-4EBA-8B00-9ECBC754A679}.Debug|Any CPU.ActiveCfg = Debug|Any CPU
		{648EE8AB-4DED-4EBA-8B00-9ECBC754A679}.Debug|Any CPU.Build.0 = Debug|Any CPU
		{648EE8AB-4DED-4EBA-8B00-9ECBC754A679}.Release|Any CPU.ActiveCfg = Release|Any CPU
		{648EE8AB-4DED-4EBA-8B00-9ECBC754A679}.Release|Any CPU.Build.0 = Release|Any CPU
		{208DF232-5E59-4406-B712-85362E1D59A0}.Debug|Any CPU.ActiveCfg = Debug|Any CPU
		{208DF232-5E59-4406-B712-85362E1D59A0}.Debug|Any CPU.Build.0 = Debug|Any CPU
		{208DF232-5E59-4406-B712-85362E1D59A0}.Release|Any CPU.ActiveCfg = Release|Any CPU
		{208DF232-5E59-4406-B712-85362E1D59A0}.Release|Any CPU.Build.0 = Release|Any CPU
	EndGlobalSection
	GlobalSection(SolutionProperties) = preSolution
		HideSolutionNode = FALSE
	EndGlobalSection
EndGlobal
